github.com/pnegre/gogame v0.0.0-20250707215358-2393a0b321c7 h1:5IF6cc/Nu+/ZYYfiFoz1IlewkFLhUcCxZ2LGi7ZP/1A=
github.com/pnegre/gogame v0.0.0-20250707215358-2393a0b321c7/go.mod h1:Axgua2Rmr+6MNpj01R4211XWcsmI96ZJyALXs5MAjmI=
github.com/pnegre/gogame v0.0.0-20250712072121-e5d51efa8dd5 h1:TSoKeS1sgHvT35YbQOS30WaRfh8Fz2COT/3okiu8/e4=
github.com/pnegre/gogame v0.0.0-20250712072121-e5d51efa8dd5/go.mod h1:Axgua2Rmr+6MNpj01R4211XWcsmI96ZJyALXs5MAjmI=
